
Microsoft Visual Studio Solution File, Format Version 12.00
# Visual Studio Version 16
VisualStudioVersion = 16.0.30907.101
MinimumVisualStudioVersion = 10.0.40219.1
Project("{9A19103F-16F7-4668-BE54-9A1E7A4F7556}") = "BookApi", "BookApi.csproj", "{F2DE8E2F-802C-48B1-A65F-F35C24DE55DD}"
EndProject
Project("{FAE04EC0-301F-11D3-BF4B-00C04F79EFBC}") = "BookTesting", "..\BookTesting\BookTesting.csproj", "{0B2AEAC9-377F-4148-A0EA-ADB1ACDEFBE6}"
EndProject
Global
	GlobalSection(SolutionConfigurationPlatforms) = preSolution
		Debug|Any CPU = Debug|Any CPU
		Release|Any CPU = Release|Any CPU
	EndGlobalSection
	GlobalSection(ProjectConfigurationPlatforms) = postSolution
		{F2DE8E2F-802C-48B1-A65F-F35C24DE55DD}.Debug|Any CPU.ActiveCfg = Debug|Any CPU
		{F2DE8E2F-802C-48B1-A65F-F35C24DE55DD}.Debug|Any CPU.Build.0 = Debug|Any CPU
		{F2DE8E2F-802C-48B1-A65F-F35C24DE55DD}.Release|Any CPU.ActiveCfg = Release|Any CPU
		{F2DE8E2F-802C-48B1-A65F-F35C24DE55DD}.Release|Any CPU.Build.0 = Release|Any CPU
		{0B2AEAC9-377F-4148-A0EA-ADB1ACDEFBE6}.Debug|Any CPU.ActiveCfg = Debug|Any CPU
		{0B2AEAC9-377F-4148-A0EA-ADB1ACDEFBE6}.Debug|Any CPU.Build.0 = Debug|Any CPU
		{0B2AEAC9-377F-4148-A0EA-ADB1ACDEFBE6}.Release|Any CPU.ActiveCfg = Release|Any CPU
		{0B2AEAC9-377F-4148-A0EA-ADB1ACDEFBE6}.Release|Any CPU.Build.0 = Release|Any CPU
	EndGlobalSection
	GlobalSection(SolutionProperties) = preSolution
		HideSolutionNode = FALSE
	EndGlobalSection
	GlobalSection(ExtensibilityGlobals) = postSolution
		SolutionGuid = {6F068753-2155-4A37-81F5-9B8ECD99030C}
	EndGlobalSection
EndGlobal
